<?xml version="1.0" encoding="utf-8"?>
<Project ToolsVersion="4.0" xmlns="http://schemas.microsoft.com/developer/msbuild/2003">
  <ItemGroup>
    <Filter Include="源文件">
      <UniqueIdentifier>{4FC737F1-C7A5-4376-A066-2A32D752A2FF}</UniqueIdentifier>
      <Extensions>cpp;c;cc;cxx;def;odl;idl;hpj;bat;asm;asmx</Extensions>
    </Filter>
    <Filter Include="头文件">
      <UniqueIdentifier>{93995380-89BD-4b04-88EB-625FBE52EBFB}</UniqueIdentifier>
      <Extensions>h;hh;hpp;hxx;hm;inl;inc;ipp;xsd</Extensions>
    </Filter>
    <Filter Include="资源文件">
      <UniqueIdentifier>{67DA6AB6-F800-4c08-8B7A-83BB121AAD01}</UniqueIdentifier>
      <Extensions>rc;ico;cur;bmp;dlg;rc2;rct;bin;rgs;gif;jpg;jpeg;jpe;resx;tiff;tif;png;wav;mfcribbon-ms</Extensions>
    </Filter>
    <Filter Include="ReadMe">
      <UniqueIdentifier>{7fc2f523-41c5-4ba7-a62f-a4a133e5b6c3}</UniqueIdentifier>
    </Filter>
    <Filter Include="Res">
      <UniqueIdentifier>{6336362f-afc8-4a2b-a9ac-ab324ea84537}</UniqueIdentifier>
    </Filter>
  </ItemGroup>
  <ItemGroup>
    <ClInclude Include="DesktopToys.h">
      <Filter>头文件</Filter>
    </ClInclude>
    <ClInclude Include="DesktopToysDlg.h">
      <Filter>头文件</Filter>
    </ClInclude>
    <ClInclude Include="stdafx.h">
      <Filter>头文件</Filter>
    </ClInclude>
    <ClInclude Include="targetver.h">
      <Filter>头文件</Filter>
    </ClInclude>
    <ClInclude Include="Resource.h">
      <Filter>头文件</Filter>
    </ClInclude>
    <ClInclude Include="ScopeGuard.h">
      <Filter>头文件</Filter>
    </ClInclude>
    <ClInclude Include="ScreenTools.h">
      <Filter>头文件</Filter>
    </ClInclude>
    <ClInclude Include="GameTimer.h">
      <Filter>头文件</Filter>
    </ClInclude>
    <ClInclude Include="CGame.h">
      <Filter>头文件</Filter>
    </ClInclude>
    <ClInclude Include="IDrawable.h">
      <Filter>头文件</Filter>
    </ClInclude>
    <ClInclude Include="IMouseAction.h">
      <Filter>头文件</Filter>
    </ClInclude>
    <ClInclude Include="IMark.h">
      <Filter>头文件</Filter>
    </ClInclude>
    <ClInclude Include="Shooter.h">
      <Filter>头文件</Filter>
    </ClInclude>
    <ClInclude Include="CDMenu.h">
      <Filter>头文件</Filter>
    </ClInclude>
    <ClInclude Include="TipStringChangeColor.h">
      <Filter>头文件</Filter>
    </ClInclude>
    <ClInclude Include="MenuItem.h">
      <Filter>头文件</Filter>
    </ClInclude>
    <ClInclude Include="Shooter0Mark.h">
      <Filter>头文件</Filter>
    </ClInclude>
    <ClInclude Include="Shooter0.h">
      <Filter>头文件</Filter>
    </ClInclude>
    <ClInclude Include="CShooter1Mark.h">
      <Filter>头文件</Filter>
    </ClInclude>
    <ClInclude Include="CShooter1.h">
      <Filter>头文件</Filter>
    </ClInclude>
    <ClInclude Include="CShooter2Mark.h">
      <Filter>头文件</Filter>
    </ClInclude>
    <ClInclude Include="CShooter2.h">
      <Filter>头文件</Filter>
    </ClInclude>
    <ClInclude Include="CShooter3Mark.h">
      <Filter>头文件</Filter>
    </ClInclude>
    <ClInclude Include="CShooter3.h">
      <Filter>头文件</Filter>
    </ClInclude>
  </ItemGroup>
  <ItemGroup>
    <ClCompile Include="DesktopToys.cpp">
      <Filter>源文件</Filter>
    </ClCompile>
    <ClCompile Include="DesktopToysDlg.cpp">
      <Filter>源文件</Filter>
    </ClCompile>
    <ClCompile Include="stdafx.cpp">
      <Filter>源文件</Filter>
    </ClCompile>
    <ClCompile Include="CGame.cpp">
      <Filter>源文件</Filter>
    </ClCompile>
    <ClCompile Include="IDrawable.cpp">
      <Filter>源文件</Filter>
    </ClCompile>
    <ClCompile Include="IMouseAction.cpp">
      <Filter>源文件</Filter>
    </ClCompile>
    <ClCompile Include="IMark.cpp">
      <Filter>源文件</Filter>
    </ClCompile>
    <ClCompile Include="Shooter.cpp">
      <Filter>源文件</Filter>
    </ClCompile>
    <ClCompile Include="CDMenu.cpp">
      <Filter>源文件</Filter>
    </ClCompile>
    <ClCompile Include="CMenuItem.cpp">
      <Filter>源文件</Filter>
    </ClCompile>
    <ClCompile Include="CShooter0Mark.cpp">
      <Filter>源文件</Filter>
    </ClCompile>
    <ClCompile Include="Shooter0.cpp">
      <Filter>源文件</Filter>
    </ClCompile>
    <ClCompile Include="CShooter1Mark.cpp">
      <Filter>源文件</Filter>
    </ClCompile>
    <ClCompile Include="CShooter1.cpp">
      <Filter>源文件</Filter>
    </ClCompile>
    <ClCompile Include="CShooter2Mark.cpp">
      <Filter>源文件</Filter>
    </ClCompile>
    <ClCompile Include="CShooter2.cpp">
      <Filter>源文件</Filter>
    </ClCompile>
    <ClCompile Include="CShooter3Mark.cpp">
      <Filter>源文件</Filter>
    </ClCompile>
    <ClCompile Include="CShooter3.cpp">
      <Filter>源文件</Filter>
    </ClCompile>
  </ItemGroup>
  <ItemGroup>
    <ResourceCompile Include="DesktopToys.rc">
      <Filter>资源文件</Filter>
    </ResourceCompile>
  </ItemGroup>
  <ItemGroup>
    <None Include="res\DesktopToys.rc2">
      <Filter>资源文件</Filter>
    </None>
  </ItemGroup>
  <ItemGroup>
    <Image Include="res\DesktopToys.ico">
      <Filter>资源文件</Filter>
    </Image>
    <Image Include="res\Eraser Ed 00.png">
      <Filter>Res</Filter>
    </Image>
    <Image Include="res\Eraser Ed 0.png">
      <Filter>Res</Filter>
    </Image>
    <Image Include="res\Eraser Ed 01.png">
      <Filter>Res</Filter>
    </Image>
    <Image Include="res\Eraser Ed 1.png">
      <Filter>Res</Filter>
    </Image>
    <Image Include="res\Eraser Ed 2.png">
      <Filter>Res</Filter>
    </Image>
    <Image Include="res\Eraser Ed Marks 01.png">
      <Filter>Res</Filter>
    </Image>
    <Image Include="res\Eraser Ed Marks 02.png">
      <Filter>Res</Filter>
    </Image>
    <Image Include="res\Eraser Ed Marks 03.png">
      <Filter>Res</Filter>
    </Image>
    <Image Include="res\Eraser Ed Marks 04.png">
      <Filter>Res</Filter>
    </Image>
    <Image Include="res\Eraser Ed Marks 05.png">
      <Filter>Res</Filter>
    </Image>
    <Image Include="res\Eraser Ed Marks 06.png">
      <Filter>Res</Filter>
    </Image>
    <Image Include="res\Foton The Desktop Hero Fire Path.png">
      <Filter>Res</Filter>
    </Image>
    <Image Include="res\Foton The Desktop Hero Left Fire 00.png">
      <Filter>Res</Filter>
    </Image>
    <Image Include="res\Foton The Desktop Hero Left Fire 01.png">
      <Filter>Res</Filter>
    </Image>
    <Image Include="res\Foton The Desktop Hero Left Fire 02.png">
      <Filter>Res</Filter>
    </Image>
    <Image Include="res\Foton The Desktop Hero Left Fire 03.png">
      <Filter>Res</Filter>
    </Image>
    <Image Include="res\Foton The Desktop Hero Left Fire 04.png">
      <Filter>Res</Filter>
    </Image>
    <Image Include="res\Foton The Desktop Hero Left Fire Marks 0.png">
      <Filter>Res</Filter>
    </Image>
    <Image Include="res\Foton The Desktop Hero Left Fire Marks 1.png">
      <Filter>Res</Filter>
    </Image>
    <Image Include="res\Foton The Desktop Hero Left Fire Marks 2.png">
      <Filter>Res</Filter>
    </Image>
    <Image Include="res\Foton The Desktop Hero Left Fire Marks 3.png">
      <Filter>Res</Filter>
    </Image>
    <Image Include="res\Foton The Desktop Hero Left Fire Marks 4.png">
      <Filter>Res</Filter>
    </Image>
    <Image Include="res\Foton The Desktop Hero Right Fire 00.png">
      <Filter>Res</Filter>
    </Image>
    <Image Include="res\Foton The Desktop Hero Right Fire 01.png">
      <Filter>Res</Filter>
    </Image>
    <Image Include="res\Foton The Desktop Hero Right Fire 02.png">
      <Filter>Res</Filter>
    </Image>
    <Image Include="res\Foton The Desktop Hero Right Fire 03.png">
      <Filter>Res</Filter>
    </Image>
    <Image Include="res\Foton The Desktop Hero Right Fire 04.png">
      <Filter>Res</Filter>
    </Image>
    <Image Include="res\Foton The Desktop Hero 静.png">
      <Filter>Res</Filter>
    </Image>
    <Image Include="res\Foton The Desktop Hero 上.png">
      <Filter>Res</Filter>
    </Image>
    <Image Include="res\Foton The Desktop Hero 下.png">
      <Filter>Res</Filter>
    </Image>
    <Image Include="res\Foton The Desktop Hero 右.png">
      <Filter>Res</Filter>
    </Image>
    <Image Include="res\Foton The Desktop Hero 右上.png">
      <Filter>Res</Filter>
    </Image>
    <Image Include="res\Foton The Desktop Hero 右下.png">
      <Filter>Res</Filter>
    </Image>
    <Image Include="res\Foton The Desktop Hero 左.png">
      <Filter>Res</Filter>
    </Image>
    <Image Include="res\Foton The Desktop Hero 左上.png">
      <Filter>Res</Filter>
    </Image>
    <Image Include="res\Foton The Desktop Hero 左下.png">
      <Filter>Res</Filter>
    </Image>
    <Image Include="res\Menu Center01.png">
      <Filter>Res</Filter>
    </Image>
    <Image Include="res\Menu center02.png">
      <Filter>Res</Filter>
    </Image>
    <Image Include="res\MenuItem00.png">
      <Filter>Res</Filter>
    </Image>
    <Image Include="res\MenuItem01.png">
      <Filter>Res</Filter>
    </Image>
    <Image Include="res\MenuItem02.png">
      <Filter>Res</Filter>
    </Image>
    <Image Include="res\MenuItem03.png">
      <Filter>Res</Filter>
    </Image>
    <Image Include="res\Pablo The Painter 00.png">
      <Filter>Res</Filter>
    </Image>
    <Image Include="res\Pablo The Painter 01.png">
      <Filter>Res</Filter>
    </Image>
    <Image Include="res\Pablo The Painter 02 .png">
      <Filter>Res</Filter>
    </Image>
    <Image Include="res\Pablo The Painter 02.png">
      <Filter>Res</Filter>
    </Image>
    <Image Include="res\Pablo The Painter 03.png">
      <Filter>Res</Filter>
    </Image>
    <Image Include="res\Pablo The Painter 04.png">
      <Filter>Res</Filter>
    </Image>
    <Image Include="res\Pablo The Painter 05 .png">
      <Filter>Res</Filter>
    </Image>
    <Image Include="res\Pablo The Painter 05.png">
      <Filter>Res</Filter>
    </Image>
    <Image Include="res\Pablo The Painter Mark 0.png">
      <Filter>Res</Filter>
    </Image>
    <Image Include="res\Pablo The Painter Mark 1.png">
      <Filter>Res</Filter>
    </Image>
    <Image Include="res\Pablo The Painter Mark 2.png">
      <Filter>Res</Filter>
    </Image>
    <Image Include="res\Pablo The Painter Mark 3.png">
      <Filter>Res</Filter>
    </Image>
    <Image Include="res\Pablo The Painter Mark 4.png">
      <Filter>Res</Filter>
    </Image>
    <Image Include="res\Pablo The Painter Mark 5.png">
      <Filter>Res</Filter>
    </Image>
    <Image Include="res\The Toolbox Mark 01.png">
      <Filter>Res</Filter>
    </Image>
    <Image Include="res\The Toolbox Mark 02.png">
      <Filter>Res</Filter>
    </Image>
    <Image Include="res\The Toolbox Mark 03.png">
      <Filter>Res</Filter>
    </Image>
    <Image Include="res\The Toolbox Mark 04.png">
      <Filter>Res</Filter>
    </Image>
    <Image Include="res\The Toolbox Mark 05.png">
      <Filter>Res</Filter>
    </Image>
    <Image Include="res\The Toolbox Mark 06.png">
      <Filter>Res</Filter>
    </Image>
    <Image Include="res\The Toolbox Mark Saw 01.png">
      <Filter>Res</Filter>
    </Image>
    <Image Include="res\The Toolbox Mark Saw 02.png">
      <Filter>Res</Filter>
    </Image>
    <Image Include="res\The Toolbox Mark Saw 03.png">
      <Filter>Res</Filter>
    </Image>
    <Image Include="res\The Toolbox Mark Saw 04.png">
      <Filter>Res</Filter>
    </Image>
    <Image Include="res\The Toolbox Mark Saw 05.png">
      <Filter>Res</Filter>
    </Image>
    <Image Include="res\The Toolbox Mark Saw 06.png">
      <Filter>Res</Filter>
    </Image>
    <Image Include="res\The Toolbox01.png">
      <Filter>Res</Filter>
    </Image>
    <Image Include="res\The Toolbox02.png">
      <Filter>Res</Filter>
    </Image>
    <Image Include="res\The Toolbox03.png">
      <Filter>Res</Filter>
    </Image>
  </ItemGroup>
  <ItemGroup>
    <Text Include="readme.md">
      <Filter>ReadMe</Filter>
    </Text>
  </ItemGroup>
</Project>